
Microsoft Visual Studio Solution File, Format Version 12.00
Project("{FAE04EC0-301F-11D3-BF4B-00C04F79EFBC}") = "ConsoleApp1", "ConsoleApp1\ConsoleApp1.csproj", "{6700342B-F01F-4842-9D81-825D19406A54}"
EndProject
Project("{FAE04EC0-301F-11D3-BF4B-00C04F79EFBC}") = "ConsoleApp2", "ConsoleApp2\ConsoleApp2.csproj", "{7D3B99E1-6177-422A-8690-2AC3A7DC40AA}"
EndProject
Project("{FAE04EC0-301F-11D3-BF4B-00C04F79EFBC}") = "Bench_SplitBy", "Bench_SplitBy\Bench_SplitBy.csproj", "{C4E2B9DB-B2D7-48B4-8B82-75B5E4B31769}"
EndProject
Project("{FAE04EC0-301F-11D3-BF4B-00C04F79EFBC}") = "ExpressionTrees", "ExpressionTrees\ExpressionTrees.csproj", "{0E954502-B9BC-4669-8767-775AA4445C33}"
EndProject
Project("{FAE04EC0-301F-11D3-BF4B-00C04F79EFBC}") = "Bench_Dictionaries", "Bench_Dictionaries\Bench_Dictionaries.csproj", "{C50DDDE7-6C15-4F7C-9A78-9D0F6053BADB}"
EndProject
Project("{FAE04EC0-301F-11D3-BF4B-00C04F79EFBC}") = "Bench_ToStringSelect", "Bench_ToStringSelect\Bench_ToStringSelect.csproj", "{987D0DA2-3579-4E1D-868D-8E788FFD8F83}"
EndProject
Project("{FAE04EC0-301F-11D3-BF4B-00C04F79EFBC}") = "Bench_List_AddRange", "Bench_List_AddRange\Bench_List_AddRange.csproj", "{84BFEDCA-D971-433F-A28C-A0EE060CE625}"
EndProject
Project("{FAE04EC0-301F-11D3-BF4B-00C04F79EFBC}") = "Bench_ListVsSet", "Bench_ListVsSet\Bench_ListVsSet.csproj", "{01520C59-15E7-4EF3-8C48-5A1A97D7CC8E}"
EndProject
Project("{FAE04EC0-301F-11D3-BF4B-00C04F79EFBC}") = "Bench_SplitBy_Top3", "Bench_SplitBy_Top3\Bench_SplitBy_Top3.csproj", "{397B8C41-06BB-4875-AFD6-B66BB600DB11}"
EndProject
Project("{FAE04EC0-301F-11D3-BF4B-00C04F79EFBC}") = "Bench_RemoveAllVsWhereToList", "Bench_RemoveAllVsWhereToList\Bench_RemoveAllVsWhereToList.csproj", "{F2DEA1D5-AB1B-4703-A0B3-1F707466FF06}"
EndProject
Project("{FAE04EC0-301F-11D3-BF4B-00C04F79EFBC}") = "RegexVsString", "RegexVsString\RegexVsString.csproj", "{7182F18E-7471-4198-9FAC-5897B3ADB7B1}"
EndProject
Project("{FAE04EC0-301F-11D3-BF4B-00C04F79EFBC}") = "Bench_PropertyAccessors", "Bench_PropertyAccessors\Bench_PropertyAccessors.csproj", "{CBBDFBD7-5539-433E-B5D1-EEABA9BFD7D2}"
EndProject
Project("{FAE04EC0-301F-11D3-BF4B-00C04F79EFBC}") = "Bench_AttributeAccess", "Bench_AttributeAccess\Bench_AttributeAccess.csproj", "{9E575F00-ACCE-40EA-B75D-50C232E59226}"
EndProject
Project("{FAE04EC0-301F-11D3-BF4B-00C04F79EFBC}") = "ListRemoveElements", "ListRemoveElements\ListRemoveElements.csproj", "{AAC20B8C-7195-410B-9BF5-D8C3B4632D88}"
EndProject
Project("{FAE04EC0-301F-11D3-BF4B-00C04F79EFBC}") = "Bench_Closures", "Bench_Closures\Bench_Closures.csproj", "{81182FE9-1B98-46AC-B2BC-2BD7C525BFC1}"
EndProject
Project("{FAE04EC0-301F-11D3-BF4B-00C04F79EFBC}") = "Bench_CaseInsensitiveStringComparison", "Bench_CaseInsensitiveStringComparison\Bench_CaseInsensitiveStringComparison.csproj", "{BA7E75C2-D407-4FE6-86B5-B93916593165}"
EndProject
Project("{FAE04EC0-301F-11D3-BF4B-00C04F79EFBC}") = "ConstAndVariable", "ConstAndVariable\ConstAndVariable.csproj", "{83E1FC28-50F0-489B-8311-08B7B3026362}"
EndProject
Project("{FAE04EC0-301F-11D3-BF4B-00C04F79EFBC}") = "FakeAsync", "FakeAsync\FakeAsync.csproj", "{7E3F4855-178C-4AA6-916F-AC22FB751986}"
EndProject
Project("{FAE04EC0-301F-11D3-BF4B-00C04F79EFBC}") = "FakeConcurrent", "FakeConcurrent\FakeConcurrent.csproj", "{6ED0F48F-971A-405D-9864-D4874F9F15D5}"
EndProject
Project("{FAE04EC0-301F-11D3-BF4B-00C04F79EFBC}") = "FakeConcurrentDelay", "FakeConcurrentDelay\FakeConcurrentDelay.csproj", "{4C027824-75E9-4D60-9921-4B227475463B}"
EndProject
Project("{FAE04EC0-301F-11D3-BF4B-00C04F79EFBC}") = "Demo_EnumerableDeferredTaskExec", "Demo_EnumerableDeferredTaskExec\Demo_EnumerableDeferredTaskExec.csproj", "{C6ACFBFB-F90E-4F77-9119-1F02577CC3CA}"
EndProject
Project("{FAE04EC0-301F-11D3-BF4B-00C04F79EFBC}") = "ParallelForEachAsync_and_WhenAllBatched", "ParallelForEachAsync_and_WhenAllBatched\ParallelForEachAsync_and_WhenAllBatched.csproj", "{F5269F86-8BE1-426D-8149-84BC32594720}"
EndProject
Project("{FAE04EC0-301F-11D3-BF4B-00C04F79EFBC}") = "TemplateDelegate", "TemplateDelegate\TemplateDelegate.csproj", "{BA72D5DF-0E61-45D0-A03F-8E7CED65F2D9}"
EndProject
Project("{FAE04EC0-301F-11D3-BF4B-00C04F79EFBC}") = "TemplateDelegateV2", "TemplateDelegateV2\TemplateDelegateV2.csproj", "{CD600D8C-A85F-4572-89D1-462468196B3D}"
EndProject
Project("{FAE04EC0-301F-11D3-BF4B-00C04F79EFBC}") = "IdenticalStringCreation", "IdenticalStringCreation\IdenticalStringCreation.csproj", "{725043DA-5751-4E20-B098-6A11578663CB}"
EndProject
Project("{FAE04EC0-301F-11D3-BF4B-00C04F79EFBC}") = "Bench_DictVsNestedLoops", "Bench_DictVsNestedLoops\Bench_DictVsNestedLoops.csproj", "{FB4A4A02-2230-4706-80C1-AC19F9320C6B}"
EndProject
Project("{FAE04EC0-301F-11D3-BF4B-00C04F79EFBC}") = "Bench_SplitBy_AggregateEdition", "Bench_SplitBy_AggregateEdition\Bench_SplitBy_AggregateEdition.csproj", "{35568C0D-79AB-4774-BDFB-1FE78B5DB9C1}"
EndProject
Project("{FAE04EC0-301F-11D3-BF4B-00C04F79EFBC}") = "Bench_ValueDelegate", "Bench_ValueDelegate\Bench_ValueDelegate.csproj", "{829EFF8E-A9DB-405C-89B2-38FB4DA4DBD4}"
EndProject
Project("{FAE04EC0-301F-11D3-BF4B-00C04F79EFBC}") = "Bench_EnumerableAppendVsListAdd", "Bench_EnumerableAppendVsListAdd\Bench_EnumerableAppendVsListAdd.csproj", "{E0AF189D-319B-42C0-8E46-96B92A591F7C}"
EndProject
Global
	GlobalSection(SolutionConfigurationPlatforms) = preSolution
		Debug|Any CPU = Debug|Any CPU
		Release|Any CPU = Release|Any CPU
	EndGlobalSection
	GlobalSection(ProjectConfigurationPlatforms) = postSolution
		{6700342B-F01F-4842-9D81-825D19406A54}.Debug|Any CPU.ActiveCfg = Debug|Any CPU
		{6700342B-F01F-4842-9D81-825D19406A54}.Debug|Any CPU.Build.0 = Debug|Any CPU
		{6700342B-F01F-4842-9D81-825D19406A54}.Release|Any CPU.ActiveCfg = Release|Any CPU
		{6700342B-F01F-4842-9D81-825D19406A54}.Release|Any CPU.Build.0 = Release|Any CPU
		{7D3B99E1-6177-422A-8690-2AC3A7DC40AA}.Debug|Any CPU.ActiveCfg = Debug|Any CPU
		{7D3B99E1-6177-422A-8690-2AC3A7DC40AA}.Debug|Any CPU.Build.0 = Debug|Any CPU
		{7D3B99E1-6177-422A-8690-2AC3A7DC40AA}.Release|Any CPU.ActiveCfg = Release|Any CPU
		{7D3B99E1-6177-422A-8690-2AC3A7DC40AA}.Release|Any CPU.Build.0 = Release|Any CPU
		{C4E2B9DB-B2D7-48B4-8B82-75B5E4B31769}.Debug|Any CPU.ActiveCfg = Debug|Any CPU
		{C4E2B9DB-B2D7-48B4-8B82-75B5E4B31769}.Debug|Any CPU.Build.0 = Debug|Any CPU
		{C4E2B9DB-B2D7-48B4-8B82-75B5E4B31769}.Release|Any CPU.ActiveCfg = Release|Any CPU
		{C4E2B9DB-B2D7-48B4-8B82-75B5E4B31769}.Release|Any CPU.Build.0 = Release|Any CPU
		{0E954502-B9BC-4669-8767-775AA4445C33}.Debug|Any CPU.ActiveCfg = Debug|Any CPU
		{0E954502-B9BC-4669-8767-775AA4445C33}.Debug|Any CPU.Build.0 = Debug|Any CPU
		{0E954502-B9BC-4669-8767-775AA4445C33}.Release|Any CPU.ActiveCfg = Release|Any CPU
		{0E954502-B9BC-4669-8767-775AA4445C33}.Release|Any CPU.Build.0 = Release|Any CPU
		{C50DDDE7-6C15-4F7C-9A78-9D0F6053BADB}.Debug|Any CPU.ActiveCfg = Debug|Any CPU
		{C50DDDE7-6C15-4F7C-9A78-9D0F6053BADB}.Debug|Any CPU.Build.0 = Debug|Any CPU
		{C50DDDE7-6C15-4F7C-9A78-9D0F6053BADB}.Release|Any CPU.ActiveCfg = Release|Any CPU
		{C50DDDE7-6C15-4F7C-9A78-9D0F6053BADB}.Release|Any CPU.Build.0 = Release|Any CPU
		{987D0DA2-3579-4E1D-868D-8E788FFD8F83}.Debug|Any CPU.ActiveCfg = Debug|Any CPU
		{987D0DA2-3579-4E1D-868D-8E788FFD8F83}.Debug|Any CPU.Build.0 = Debug|Any CPU
		{987D0DA2-3579-4E1D-868D-8E788FFD8F83}.Release|Any CPU.ActiveCfg = Release|Any CPU
		{987D0DA2-3579-4E1D-868D-8E788FFD8F83}.Release|Any CPU.Build.0 = Release|Any CPU
		{84BFEDCA-D971-433F-A28C-A0EE060CE625}.Debug|Any CPU.ActiveCfg = Debug|Any CPU
		{84BFEDCA-D971-433F-A28C-A0EE060CE625}.Debug|Any CPU.Build.0 = Debug|Any CPU
		{84BFEDCA-D971-433F-A28C-A0EE060CE625}.Release|Any CPU.ActiveCfg = Release|Any CPU
		{84BFEDCA-D971-433F-A28C-A0EE060CE625}.Release|Any CPU.Build.0 = Release|Any CPU
		{01520C59-15E7-4EF3-8C48-5A1A97D7CC8E}.Debug|Any CPU.ActiveCfg = Debug|Any CPU
		{01520C59-15E7-4EF3-8C48-5A1A97D7CC8E}.Debug|Any CPU.Build.0 = Debug|Any CPU
		{01520C59-15E7-4EF3-8C48-5A1A97D7CC8E}.Release|Any CPU.ActiveCfg = Release|Any CPU
		{01520C59-15E7-4EF3-8C48-5A1A97D7CC8E}.Release|Any CPU.Build.0 = Release|Any CPU
		{397B8C41-06BB-4875-AFD6-B66BB600DB11}.Debug|Any CPU.ActiveCfg = Debug|Any CPU
		{397B8C41-06BB-4875-AFD6-B66BB600DB11}.Debug|Any CPU.Build.0 = Debug|Any CPU
		{397B8C41-06BB-4875-AFD6-B66BB600DB11}.Release|Any CPU.ActiveCfg = Release|Any CPU
		{397B8C41-06BB-4875-AFD6-B66BB600DB11}.Release|Any CPU.Build.0 = Release|Any CPU
		{F2DEA1D5-AB1B-4703-A0B3-1F707466FF06}.Debug|Any CPU.ActiveCfg = Debug|Any CPU
		{F2DEA1D5-AB1B-4703-A0B3-1F707466FF06}.Debug|Any CPU.Build.0 = Debug|Any CPU
		{F2DEA1D5-AB1B-4703-A0B3-1F707466FF06}.Release|Any CPU.ActiveCfg = Release|Any CPU
		{F2DEA1D5-AB1B-4703-A0B3-1F707466FF06}.Release|Any CPU.Build.0 = Release|Any CPU
		{7182F18E-7471-4198-9FAC-5897B3ADB7B1}.Debug|Any CPU.ActiveCfg = Debug|Any CPU
		{7182F18E-7471-4198-9FAC-5897B3ADB7B1}.Debug|Any CPU.Build.0 = Debug|Any CPU
		{7182F18E-7471-4198-9FAC-5897B3ADB7B1}.Release|Any CPU.ActiveCfg = Release|Any CPU
		{7182F18E-7471-4198-9FAC-5897B3ADB7B1}.Release|Any CPU.Build.0 = Release|Any CPU
		{CBBDFBD7-5539-433E-B5D1-EEABA9BFD7D2}.Debug|Any CPU.ActiveCfg = Debug|Any CPU
		{CBBDFBD7-5539-433E-B5D1-EEABA9BFD7D2}.Debug|Any CPU.Build.0 = Debug|Any CPU
		{CBBDFBD7-5539-433E-B5D1-EEABA9BFD7D2}.Release|Any CPU.ActiveCfg = Release|Any CPU
		{CBBDFBD7-5539-433E-B5D1-EEABA9BFD7D2}.Release|Any CPU.Build.0 = Release|Any CPU
		{9E575F00-ACCE-40EA-B75D-50C232E59226}.Debug|Any CPU.ActiveCfg = Debug|Any CPU
		{9E575F00-ACCE-40EA-B75D-50C232E59226}.Debug|Any CPU.Build.0 = Debug|Any CPU
		{9E575F00-ACCE-40EA-B75D-50C232E59226}.Release|Any CPU.ActiveCfg = Release|Any CPU
		{9E575F00-ACCE-40EA-B75D-50C232E59226}.Release|Any CPU.Build.0 = Release|Any CPU
		{AAC20B8C-7195-410B-9BF5-D8C3B4632D88}.Debug|Any CPU.ActiveCfg = Debug|Any CPU
		{AAC20B8C-7195-410B-9BF5-D8C3B4632D88}.Debug|Any CPU.Build.0 = Debug|Any CPU
		{AAC20B8C-7195-410B-9BF5-D8C3B4632D88}.Release|Any CPU.ActiveCfg = Release|Any CPU
		{AAC20B8C-7195-410B-9BF5-D8C3B4632D88}.Release|Any CPU.Build.0 = Release|Any CPU
		{81182FE9-1B98-46AC-B2BC-2BD7C525BFC1}.Debug|Any CPU.ActiveCfg = Debug|Any CPU
		{81182FE9-1B98-46AC-B2BC-2BD7C525BFC1}.Debug|Any CPU.Build.0 = Debug|Any CPU
		{81182FE9-1B98-46AC-B2BC-2BD7C525BFC1}.Release|Any CPU.ActiveCfg = Release|Any CPU
		{81182FE9-1B98-46AC-B2BC-2BD7C525BFC1}.Release|Any CPU.Build.0 = Release|Any CPU
		{BA7E75C2-D407-4FE6-86B5-B93916593165}.Debug|Any CPU.ActiveCfg = Debug|Any CPU
		{BA7E75C2-D407-4FE6-86B5-B93916593165}.Debug|Any CPU.Build.0 = Debug|Any CPU
		{BA7E75C2-D407-4FE6-86B5-B93916593165}.Release|Any CPU.ActiveCfg = Release|Any CPU
		{BA7E75C2-D407-4FE6-86B5-B93916593165}.Release|Any CPU.Build.0 = Release|Any CPU
		{83E1FC28-50F0-489B-8311-08B7B3026362}.Debug|Any CPU.ActiveCfg = Debug|Any CPU
		{83E1FC28-50F0-489B-8311-08B7B3026362}.Debug|Any CPU.Build.0 = Debug|Any CPU
		{83E1FC28-50F0-489B-8311-08B7B3026362}.Release|Any CPU.ActiveCfg = Release|Any CPU
		{83E1FC28-50F0-489B-8311-08B7B3026362}.Release|Any CPU.Build.0 = Release|Any CPU
		{7E3F4855-178C-4AA6-916F-AC22FB751986}.Debug|Any CPU.ActiveCfg = Debug|Any CPU
		{7E3F4855-178C-4AA6-916F-AC22FB751986}.Debug|Any CPU.Build.0 = Debug|Any CPU
		{7E3F4855-178C-4AA6-916F-AC22FB751986}.Release|Any CPU.ActiveCfg = Release|Any CPU
		{7E3F4855-178C-4AA6-916F-AC22FB751986}.Release|Any CPU.Build.0 = Release|Any CPU
		{6ED0F48F-971A-405D-9864-D4874F9F15D5}.Debug|Any CPU.ActiveCfg = Debug|Any CPU
		{6ED0F48F-971A-405D-9864-D4874F9F15D5}.Debug|Any CPU.Build.0 = Debug|Any CPU
		{6ED0F48F-971A-405D-9864-D4874F9F15D5}.Release|Any CPU.ActiveCfg = Release|Any CPU
		{6ED0F48F-971A-405D-9864-D4874F9F15D5}.Release|Any CPU.Build.0 = Release|Any CPU
		{4C027824-75E9-4D60-9921-4B227475463B}.Debug|Any CPU.ActiveCfg = Debug|Any CPU
		{4C027824-75E9-4D60-9921-4B227475463B}.Debug|Any CPU.Build.0 = Debug|Any CPU
		{4C027824-75E9-4D60-9921-4B227475463B}.Release|Any CPU.ActiveCfg = Release|Any CPU
		{4C027824-75E9-4D60-9921-4B227475463B}.Release|Any CPU.Build.0 = Release|Any CPU
		{C6ACFBFB-F90E-4F77-9119-1F02577CC3CA}.Debug|Any CPU.ActiveCfg = Debug|Any CPU
		{C6ACFBFB-F90E-4F77-9119-1F02577CC3CA}.Debug|Any CPU.Build.0 = Debug|Any CPU
		{C6ACFBFB-F90E-4F77-9119-1F02577CC3CA}.Release|Any CPU.ActiveCfg = Release|Any CPU
		{C6ACFBFB-F90E-4F77-9119-1F02577CC3CA}.Release|Any CPU.Build.0 = Release|Any CPU
		{F5269F86-8BE1-426D-8149-84BC32594720}.Debug|Any CPU.ActiveCfg = Debug|Any CPU
		{F5269F86-8BE1-426D-8149-84BC32594720}.Debug|Any CPU.Build.0 = Debug|Any CPU
		{F5269F86-8BE1-426D-8149-84BC32594720}.Release|Any CPU.ActiveCfg = Release|Any CPU
		{F5269F86-8BE1-426D-8149-84BC32594720}.Release|Any CPU.Build.0 = Release|Any CPU
		{BA72D5DF-0E61-45D0-A03F-8E7CED65F2D9}.Debug|Any CPU.ActiveCfg = Debug|Any CPU
		{BA72D5DF-0E61-45D0-A03F-8E7CED65F2D9}.Debug|Any CPU.Build.0 = Debug|Any CPU
		{BA72D5DF-0E61-45D0-A03F-8E7CED65F2D9}.Release|Any CPU.ActiveCfg = Release|Any CPU
		{BA72D5DF-0E61-45D0-A03F-8E7CED65F2D9}.Release|Any CPU.Build.0 = Release|Any CPU
		{CD600D8C-A85F-4572-89D1-462468196B3D}.Debug|Any CPU.ActiveCfg = Debug|Any CPU
		{CD600D8C-A85F-4572-89D1-462468196B3D}.Debug|Any CPU.Build.0 = Debug|Any CPU
		{CD600D8C-A85F-4572-89D1-462468196B3D}.Release|Any CPU.ActiveCfg = Release|Any CPU
		{CD600D8C-A85F-4572-89D1-462468196B3D}.Release|Any CPU.Build.0 = Release|Any CPU
		{725043DA-5751-4E20-B098-6A11578663CB}.Debug|Any CPU.ActiveCfg = Debug|Any CPU
		{725043DA-5751-4E20-B098-6A11578663CB}.Debug|Any CPU.Build.0 = Debug|Any CPU
		{725043DA-5751-4E20-B098-6A11578663CB}.Release|Any CPU.ActiveCfg = Release|Any CPU
		{725043DA-5751-4E20-B098-6A11578663CB}.Release|Any CPU.Build.0 = Release|Any CPU
		{FB4A4A02-2230-4706-80C1-AC19F9320C6B}.Debug|Any CPU.ActiveCfg = Debug|Any CPU
		{FB4A4A02-2230-4706-80C1-AC19F9320C6B}.Debug|Any CPU.Build.0 = Debug|Any CPU
		{FB4A4A02-2230-4706-80C1-AC19F9320C6B}.Release|Any CPU.ActiveCfg = Release|Any CPU
		{FB4A4A02-2230-4706-80C1-AC19F9320C6B}.Release|Any CPU.Build.0 = Release|Any CPU
		{35568C0D-79AB-4774-BDFB-1FE78B5DB9C1}.Debug|Any CPU.ActiveCfg = Debug|Any CPU
		{35568C0D-79AB-4774-BDFB-1FE78B5DB9C1}.Debug|Any CPU.Build.0 = Debug|Any CPU
		{35568C0D-79AB-4774-BDFB-1FE78B5DB9C1}.Release|Any CPU.ActiveCfg = Release|Any CPU
		{35568C0D-79AB-4774-BDFB-1FE78B5DB9C1}.Release|Any CPU.Build.0 = Release|Any CPU
		{829EFF8E-A9DB-405C-89B2-38FB4DA4DBD4}.Debug|Any CPU.ActiveCfg = Debug|Any CPU
		{829EFF8E-A9DB-405C-89B2-38FB4DA4DBD4}.Debug|Any CPU.Build.0 = Debug|Any CPU
		{829EFF8E-A9DB-405C-89B2-38FB4DA4DBD4}.Release|Any CPU.ActiveCfg = Release|Any CPU
		{829EFF8E-A9DB-405C-89B2-38FB4DA4DBD4}.Release|Any CPU.Build.0 = Release|Any CPU
		{E0AF189D-319B-42C0-8E46-96B92A591F7C}.Debug|Any CPU.ActiveCfg = Debug|Any CPU
		{E0AF189D-319B-42C0-8E46-96B92A591F7C}.Debug|Any CPU.Build.0 = Debug|Any CPU
		{E0AF189D-319B-42C0-8E46-96B92A591F7C}.Release|Any CPU.ActiveCfg = Release|Any CPU
		{E0AF189D-319B-42C0-8E46-96B92A591F7C}.Release|Any CPU.Build.0 = Release|Any CPU
	EndGlobalSection
EndGlobal
