
Microsoft Visual Studio Solution File, Format Version 12.00
Project("{FAE04EC0-301F-11D3-BF4B-00C04F79EFBC}") = "ConsoleApp1", "ConsoleApp1\ConsoleApp1.csproj", "{6700342B-F01F-4842-9D81-825D19406A54}"
EndProject
Project("{FAE04EC0-301F-11D3-BF4B-00C04F79EFBC}") = "ConsoleApp2", "ConsoleApp2\ConsoleApp2.csproj", "{7D3B99E1-6177-422A-8690-2AC3A7DC40AA}"
EndProject
Project("{FAE04EC0-301F-11D3-BF4B-00C04F79EFBC}") = "Bench_SplitBy", "Bench_SplitBy\Bench_SplitBy.csproj", "{C4E2B9DB-B2D7-48B4-8B82-75B5E4B31769}"
EndProject
Project("{FAE04EC0-301F-11D3-BF4B-00C04F79EFBC}") = "ExpressionTrees", "ExpressionTrees\ExpressionTrees.csproj", "{0E954502-B9BC-4669-8767-775AA4445C33}"
EndProject
Project("{FAE04EC0-301F-11D3-BF4B-00C04F79EFBC}") = "Bench_Dictionaries", "Bench_Dictionaries\Bench_Dictionaries.csproj", "{C50DDDE7-6C15-4F7C-9A78-9D0F6053BADB}"
EndProject
Project("{FAE04EC0-301F-11D3-BF4B-00C04F79EFBC}") = "Bench_ToStringSelect", "Bench_ToStringSelect\Bench_ToStringSelect.csproj", "{987D0DA2-3579-4E1D-868D-8E788FFD8F83}"
EndProject
Project("{FAE04EC0-301F-11D3-BF4B-00C04F79EFBC}") = "Bench_List_AddRange", "Bench_List_AddRange\Bench_List_AddRange.csproj", "{84BFEDCA-D971-433F-A28C-A0EE060CE625}"
EndProject
Project("{FAE04EC0-301F-11D3-BF4B-00C04F79EFBC}") = "Bench_ListVsSet", "Bench_ListVsSet\Bench_ListVsSet.csproj", "{01520C59-15E7-4EF3-8C48-5A1A97D7CC8E}"
EndProject
Project("{FAE04EC0-301F-11D3-BF4B-00C04F79EFBC}") = "Bench_SplitBy_Top3", "Bench_SplitBy_Top3\Bench_SplitBy_Top3.csproj", "{397B8C41-06BB-4875-AFD6-B66BB600DB11}"
EndProject
Project("{FAE04EC0-301F-11D3-BF4B-00C04F79EFBC}") = "Bench_RemoveAllVsWhereToList", "Bench_RemoveAllVsWhereToList\Bench_RemoveAllVsWhereToList.csproj", "{F2DEA1D5-AB1B-4703-A0B3-1F707466FF06}"
EndProject
Project("{FAE04EC0-301F-11D3-BF4B-00C04F79EFBC}") = "RegexVsString", "RegexVsString\RegexVsString.csproj", "{7182F18E-7471-4198-9FAC-5897B3ADB7B1}"
EndProject
Project("{FAE04EC0-301F-11D3-BF4B-00C04F79EFBC}") = "Bench_PropertyAccessors", "Bench_PropertyAccessors\Bench_PropertyAccessors.csproj", "{CBBDFBD7-5539-433E-B5D1-EEABA9BFD7D2}"
EndProject
Project("{FAE04EC0-301F-11D3-BF4B-00C04F79EFBC}") = "Bench_AttributeAccess", "Bench_AttributeAccess\Bench_AttributeAccess.csproj", "{9E575F00-ACCE-40EA-B75D-50C232E59226}"
EndProject
Global
	GlobalSection(SolutionConfigurationPlatforms) = preSolution
		Debug|Any CPU = Debug|Any CPU
		Release|Any CPU = Release|Any CPU
	EndGlobalSection
	GlobalSection(ProjectConfigurationPlatforms) = postSolution
		{6700342B-F01F-4842-9D81-825D19406A54}.Debug|Any CPU.ActiveCfg = Debug|Any CPU
		{6700342B-F01F-4842-9D81-825D19406A54}.Debug|Any CPU.Build.0 = Debug|Any CPU
		{6700342B-F01F-4842-9D81-825D19406A54}.Release|Any CPU.ActiveCfg = Release|Any CPU
		{6700342B-F01F-4842-9D81-825D19406A54}.Release|Any CPU.Build.0 = Release|Any CPU
		{7D3B99E1-6177-422A-8690-2AC3A7DC40AA}.Debug|Any CPU.ActiveCfg = Debug|Any CPU
		{7D3B99E1-6177-422A-8690-2AC3A7DC40AA}.Debug|Any CPU.Build.0 = Debug|Any CPU
		{7D3B99E1-6177-422A-8690-2AC3A7DC40AA}.Release|Any CPU.ActiveCfg = Release|Any CPU
		{7D3B99E1-6177-422A-8690-2AC3A7DC40AA}.Release|Any CPU.Build.0 = Release|Any CPU
		{C4E2B9DB-B2D7-48B4-8B82-75B5E4B31769}.Debug|Any CPU.ActiveCfg = Debug|Any CPU
		{C4E2B9DB-B2D7-48B4-8B82-75B5E4B31769}.Debug|Any CPU.Build.0 = Debug|Any CPU
		{C4E2B9DB-B2D7-48B4-8B82-75B5E4B31769}.Release|Any CPU.ActiveCfg = Release|Any CPU
		{C4E2B9DB-B2D7-48B4-8B82-75B5E4B31769}.Release|Any CPU.Build.0 = Release|Any CPU
		{0E954502-B9BC-4669-8767-775AA4445C33}.Debug|Any CPU.ActiveCfg = Debug|Any CPU
		{0E954502-B9BC-4669-8767-775AA4445C33}.Debug|Any CPU.Build.0 = Debug|Any CPU
		{0E954502-B9BC-4669-8767-775AA4445C33}.Release|Any CPU.ActiveCfg = Release|Any CPU
		{0E954502-B9BC-4669-8767-775AA4445C33}.Release|Any CPU.Build.0 = Release|Any CPU
		{C50DDDE7-6C15-4F7C-9A78-9D0F6053BADB}.Debug|Any CPU.ActiveCfg = Debug|Any CPU
		{C50DDDE7-6C15-4F7C-9A78-9D0F6053BADB}.Debug|Any CPU.Build.0 = Debug|Any CPU
		{C50DDDE7-6C15-4F7C-9A78-9D0F6053BADB}.Release|Any CPU.ActiveCfg = Release|Any CPU
		{C50DDDE7-6C15-4F7C-9A78-9D0F6053BADB}.Release|Any CPU.Build.0 = Release|Any CPU
		{987D0DA2-3579-4E1D-868D-8E788FFD8F83}.Debug|Any CPU.ActiveCfg = Debug|Any CPU
		{987D0DA2-3579-4E1D-868D-8E788FFD8F83}.Debug|Any CPU.Build.0 = Debug|Any CPU
		{987D0DA2-3579-4E1D-868D-8E788FFD8F83}.Release|Any CPU.ActiveCfg = Release|Any CPU
		{987D0DA2-3579-4E1D-868D-8E788FFD8F83}.Release|Any CPU.Build.0 = Release|Any CPU
		{84BFEDCA-D971-433F-A28C-A0EE060CE625}.Debug|Any CPU.ActiveCfg = Debug|Any CPU
		{84BFEDCA-D971-433F-A28C-A0EE060CE625}.Debug|Any CPU.Build.0 = Debug|Any CPU
		{84BFEDCA-D971-433F-A28C-A0EE060CE625}.Release|Any CPU.ActiveCfg = Release|Any CPU
		{84BFEDCA-D971-433F-A28C-A0EE060CE625}.Release|Any CPU.Build.0 = Release|Any CPU
		{01520C59-15E7-4EF3-8C48-5A1A97D7CC8E}.Debug|Any CPU.ActiveCfg = Debug|Any CPU
		{01520C59-15E7-4EF3-8C48-5A1A97D7CC8E}.Debug|Any CPU.Build.0 = Debug|Any CPU
		{01520C59-15E7-4EF3-8C48-5A1A97D7CC8E}.Release|Any CPU.ActiveCfg = Release|Any CPU
		{01520C59-15E7-4EF3-8C48-5A1A97D7CC8E}.Release|Any CPU.Build.0 = Release|Any CPU
		{397B8C41-06BB-4875-AFD6-B66BB600DB11}.Debug|Any CPU.ActiveCfg = Debug|Any CPU
		{397B8C41-06BB-4875-AFD6-B66BB600DB11}.Debug|Any CPU.Build.0 = Debug|Any CPU
		{397B8C41-06BB-4875-AFD6-B66BB600DB11}.Release|Any CPU.ActiveCfg = Release|Any CPU
		{397B8C41-06BB-4875-AFD6-B66BB600DB11}.Release|Any CPU.Build.0 = Release|Any CPU
		{F2DEA1D5-AB1B-4703-A0B3-1F707466FF06}.Debug|Any CPU.ActiveCfg = Debug|Any CPU
		{F2DEA1D5-AB1B-4703-A0B3-1F707466FF06}.Debug|Any CPU.Build.0 = Debug|Any CPU
		{F2DEA1D5-AB1B-4703-A0B3-1F707466FF06}.Release|Any CPU.ActiveCfg = Release|Any CPU
		{F2DEA1D5-AB1B-4703-A0B3-1F707466FF06}.Release|Any CPU.Build.0 = Release|Any CPU
		{7182F18E-7471-4198-9FAC-5897B3ADB7B1}.Debug|Any CPU.ActiveCfg = Debug|Any CPU
		{7182F18E-7471-4198-9FAC-5897B3ADB7B1}.Debug|Any CPU.Build.0 = Debug|Any CPU
		{7182F18E-7471-4198-9FAC-5897B3ADB7B1}.Release|Any CPU.ActiveCfg = Release|Any CPU
		{7182F18E-7471-4198-9FAC-5897B3ADB7B1}.Release|Any CPU.Build.0 = Release|Any CPU
		{CBBDFBD7-5539-433E-B5D1-EEABA9BFD7D2}.Debug|Any CPU.ActiveCfg = Debug|Any CPU
		{CBBDFBD7-5539-433E-B5D1-EEABA9BFD7D2}.Debug|Any CPU.Build.0 = Debug|Any CPU
		{CBBDFBD7-5539-433E-B5D1-EEABA9BFD7D2}.Release|Any CPU.ActiveCfg = Release|Any CPU
		{CBBDFBD7-5539-433E-B5D1-EEABA9BFD7D2}.Release|Any CPU.Build.0 = Release|Any CPU
		{9E575F00-ACCE-40EA-B75D-50C232E59226}.Debug|Any CPU.ActiveCfg = Debug|Any CPU
		{9E575F00-ACCE-40EA-B75D-50C232E59226}.Debug|Any CPU.Build.0 = Debug|Any CPU
		{9E575F00-ACCE-40EA-B75D-50C232E59226}.Release|Any CPU.ActiveCfg = Release|Any CPU
		{9E575F00-ACCE-40EA-B75D-50C232E59226}.Release|Any CPU.Build.0 = Release|Any CPU
	EndGlobalSection
EndGlobal
