<Solution>
  <Project Path="Bench_AttributeAccess/Bench_AttributeAccess.csproj" />
  <Project Path="Bench_CaseInsensitiveStringComparison/Bench_CaseInsensitiveStringComparison.csproj" />
  <Project Path="Bench_Closures/Bench_Closures.csproj" />
  <Project Path="Bench_Dictionaries/Bench_Dictionaries.csproj" />
  <Project Path="Bench_DictVsNestedLoops/Bench_DictVsNestedLoops.csproj" />
  <Project Path="Bench_EnumerableAppendVsListAdd/Bench_EnumerableAppendVsListAdd.csproj" />
  <Project Path="Bench_EnumToString/Bench_EnumToString.csproj" />
  <Project Path="Bench_ListVsSet/Bench_ListVsSet.csproj" />
  <Project Path="Bench_List_AddRange/Bench_List_AddRange.csproj" />
  <Project Path="Bench_PropertyAccessors/Bench_PropertyAccessors.csproj" />
  <Project Path="Bench_RemoveAllVsWhereToList/Bench_RemoveAllVsWhereToList.csproj" />
  <Project Path="Bench_SplitBy/Bench_SplitBy.csproj" />
  <Project Path="Bench_SplitBy_AggregateEdition/Bench_SplitBy_AggregateEdition.csproj" />
  <Project Path="Bench_SplitBy_Top3/Bench_SplitBy_Top3.csproj" />
  <Project Path="Bench_ToStringSelect/Bench_ToStringSelect.csproj" />
  <Project Path="Bench_ValueDelegate/Bench_ValueDelegate.csproj" />
  <Project Path="ConsoleApp1/ConsoleApp1.csproj" />
  <Project Path="ConsoleApp2/ConsoleApp2.csproj" />
  <Project Path="ConstAndVariable/ConstAndVariable.csproj" />
  <Project Path="Demo_EnumerableDeferredTaskExec/Demo_EnumerableDeferredTaskExec.csproj" />
  <Project Path="ExpressionTrees/ExpressionTrees.csproj" />
  <Project Path="FakeAsync/FakeAsync.csproj" />
  <Project Path="FakeConcurrent/FakeConcurrent.csproj" />
  <Project Path="FakeConcurrentDelay/FakeConcurrentDelay.csproj" />
  <Project Path="IdenticalStringCreation/IdenticalStringCreation.csproj" />
  <Project Path="ListRemoveElements/ListRemoveElements.csproj" />
  <Project Path="ParallelForEachAsync_and_WhenAllBatched/ParallelForEachAsync_and_WhenAllBatched.csproj" />
  <Project Path="RegexVsString/RegexVsString.csproj" />
  <Project Path="TemplateDelegate/TemplateDelegate.csproj" />
  <Project Path="TemplateDelegateV2/TemplateDelegateV2.csproj" />
</Solution>
